
Microsoft Visual Studio Solution File, Format Version 12.00
# Visual Studio Version 18
VisualStudioVersion = 18.6.11723.189
MinimumVisualStudioVersion = 10.0.40219.1
Project("{2150E333-8FDC-42A3-9474-1A3956D46DE8}") = "Client", "Client", "{BA754A88-90E6-4F0D-8B6B-17A7FB38B8BB}"
EndProject
Project("{2150E333-8FDC-42A3-9474-1A3956D46DE8}") = "Server", "Server", "{0A4BBF11-85FF-4296-926E-787C254B8C8C}"
EndProject
Project("{FAE04EC0-301F-11D3-BF4B-00C04F79EFBC}") = "ChefKnifeStudios.MartaJazz.Shared", "ChefKnifeStudios.MartaJazz.Shared\ChefKnifeStudios.MartaJazz.Shared.csproj", "{612EE024-D995-40B8-BFBE-09670D3ED08F}"
EndProject
Project("{FAE04EC0-301F-11D3-BF4B-00C04F79EFBC}") = "ChefKnifeStudios.MartaJazz.ServiceDefaults", "ChefKnifeStudios.MartaJazz.ServiceDefaults\ChefKnifeStudios.MartaJazz.ServiceDefaults.csproj", "{0D0D0BE6-931B-4753-B0E2-3F27BF9C0EB3}"
EndProject
Project("{FAE04EC0-301F-11D3-BF4B-00C04F79EFBC}") = "ChefKnifeStudios.MartaJazz.AppHost", "ChefKnifeStudios.MartaJazz.AppHost\ChefKnifeStudios.MartaJazz.AppHost.csproj", "{00885284-98BF-46D0-AE51-218E639EC5FD}"
EndProject
Project("{FAE04EC0-301F-11D3-BF4B-00C04F79EFBC}") = "ChefKnifeStudios.MartaJazz.Client.Core", "Client\ChefKnifeStudios.MartaJazz.Client.Core\ChefKnifeStudios.MartaJazz.Client.Core.csproj", "{84759958-9430-4104-91A9-E39E6B4C5B38}"
EndProject
Project("{FAE04EC0-301F-11D3-BF4B-00C04F79EFBC}") = "ChefKnifeStudios.MartaJazz.Client.Shared", "Client\ChefKnifeStudios.MartaJazz.Client.Shared\ChefKnifeStudios.MartaJazz.Client.Shared.csproj", "{0F839FE1-2127-45C1-9736-7612C88F5647}"
EndProject
Project("{FAE04EC0-301F-11D3-BF4B-00C04F79EFBC}") = "ChefKnifeStudios.MartaJazz.Client.WebApp", "Client\ChefKnifeStudios.MartaJazz.Client.WebApp\ChefKnifeStudios.MartaJazz.Client.WebApp.csproj", "{80CE7430-12E1-4CCE-AF97-86C4976F8262}"
EndProject
Project("{FAE04EC0-301F-11D3-BF4B-00C04F79EFBC}") = "ChefKnifeStudios.MartaJazz.Server.WebAPI", "Server\ChefKnifeStudios.MartaJazz.Server.WebAPI\ChefKnifeStudios.MartaJazz.Server.WebAPI.csproj", "{1C97A2B4-A9A2-4200-8E70-7B834F68DF57}"
EndProject
Project("{FAE04EC0-301F-11D3-BF4B-00C04F79EFBC}") = "ChefKnifeStudios.MartaJazz.Server.TransitDataWorker", "Server\ChefKnifeStudios.MartaJazz.Server.TransitDataWorker\ChefKnifeStudios.MartaJazz.Server.TransitDataWorker.csproj", "{588411F1-4FB7-8C06-B63C-4A43A1BDA3ED}"
EndProject
Project("{FAE04EC0-301F-11D3-BF4B-00C04F79EFBC}") = "ChefKnifeStudios.MartaJazz.Server.TransitDataWorker.Tests", "Server\ChefKnifeStudios.MartaJazz.Server.TransitDataWorker.Tests\ChefKnifeStudios.MartaJazz.Server.TransitDataWorker.Tests.csproj", "{29CA4290-9169-4767-A5B6-0F78E22787B5}"
EndProject
Project("{FAE04EC0-301F-11D3-BF4B-00C04F79EFBC}") = "ChefKnifeStudios.MartaJazz.Server.WebAPI.Tests", "Server\ChefKnifeStudios.MartaJazz.Server.WebAPI.Tests\ChefKnifeStudios.MartaJazz.Server.WebAPI.Tests.csproj", "{B8F72642-A324-4CC5-831D-AA14D5E64A3B}"
EndProject
Project("{FAE04EC0-301F-11D3-BF4B-00C04F79EFBC}") = "ChefKnifeStudios.MartaJazz.Shared.Tests", "ChefKnifeStudios.MartaJazz.Shared.Tests\ChefKnifeStudios.MartaJazz.Shared.Tests.csproj", "{DCC990EF-3E0F-40CA-9826-EC2991E58B3C}"
EndProject
Global
	GlobalSection(SolutionConfigurationPlatforms) = preSolution
		Debug|Any CPU = Debug|Any CPU
		Debug|x64 = Debug|x64
		Debug|x86 = Debug|x86
		Release|Any CPU = Release|Any CPU
		Release|x64 = Release|x64
		Release|x86 = Release|x86
	EndGlobalSection
	GlobalSection(ProjectConfigurationPlatforms) = postSolution
		{612EE024-D995-40B8-BFBE-09670D3ED08F}.Debug|Any CPU.ActiveCfg = Debug|Any CPU
		{612EE024-D995-40B8-BFBE-09670D3ED08F}.Debug|Any CPU.Build.0 = Debug|Any CPU
		{612EE024-D995-40B8-BFBE-09670D3ED08F}.Debug|x64.ActiveCfg = Debug|Any CPU
		{612EE024-D995-40B8-BFBE-09670D3ED08F}.Debug|x64.Build.0 = Debug|Any CPU
		{612EE024-D995-40B8-BFBE-09670D3ED08F}.Debug|x86.ActiveCfg = Debug|Any CPU
		{612EE024-D995-40B8-BFBE-09670D3ED08F}.Debug|x86.Build.0 = Debug|Any CPU
		{612EE024-D995-40B8-BFBE-09670D3ED08F}.Release|Any CPU.ActiveCfg = Release|Any CPU
		{612EE024-D995-40B8-BFBE-09670D3ED08F}.Release|Any CPU.Build.0 = Release|Any CPU
		{612EE024-D995-40B8-BFBE-09670D3ED08F}.Release|x64.ActiveCfg = Release|Any CPU
		{612EE024-D995-40B8-BFBE-09670D3ED08F}.Release|x64.Build.0 = Release|Any CPU
		{612EE024-D995-40B8-BFBE-09670D3ED08F}.Release|x86.ActiveCfg = Release|Any CPU
		{612EE024-D995-40B8-BFBE-09670D3ED08F}.Release|x86.Build.0 = Release|Any CPU
		{0D0D0BE6-931B-4753-B0E2-3F27BF9C0EB3}.Debug|Any CPU.ActiveCfg = Debug|Any CPU
		{0D0D0BE6-931B-4753-B0E2-3F27BF9C0EB3}.Debug|Any CPU.Build.0 = Debug|Any CPU
		{0D0D0BE6-931B-4753-B0E2-3F27BF9C0EB3}.Debug|x64.ActiveCfg = Debug|Any CPU
		{0D0D0BE6-931B-4753-B0E2-3F27BF9C0EB3}.Debug|x64.Build.0 = Debug|Any CPU
		{0D0D0BE6-931B-4753-B0E2-3F27BF9C0EB3}.Debug|x86.ActiveCfg = Debug|Any CPU
		{0D0D0BE6-931B-4753-B0E2-3F27BF9C0EB3}.Debug|x86.Build.0 = Debug|Any CPU
		{0D0D0BE6-931B-4753-B0E2-3F27BF9C0EB3}.Release|Any CPU.ActiveCfg = Release|Any CPU
		{0D0D0BE6-931B-4753-B0E2-3F27BF9C0EB3}.Release|Any CPU.Build.0 = Release|Any CPU
		{0D0D0BE6-931B-4753-B0E2-3F27BF9C0EB3}.Release|x64.ActiveCfg = Release|Any CPU
		{0D0D0BE6-931B-4753-B0E2-3F27BF9C0EB3}.Release|x64.Build.0 = Release|Any CPU
		{0D0D0BE6-931B-4753-B0E2-3F27BF9C0EB3}.Release|x86.ActiveCfg = Release|Any CPU
		{0D0D0BE6-931B-4753-B0E2-3F27BF9C0EB3}.Release|x86.Build.0 = Release|Any CPU
		{00885284-98BF-46D0-AE51-218E639EC5FD}.Debug|Any CPU.ActiveCfg = Debug|Any CPU
		{00885284-98BF-46D0-AE51-218E639EC5FD}.Debug|Any CPU.Build.0 = Debug|Any CPU
		{00885284-98BF-46D0-AE51-218E639EC5FD}.Debug|x64.ActiveCfg = Debug|Any CPU
		{00885284-98BF-46D0-AE51-218E639EC5FD}.Debug|x64.Build.0 = Debug|Any CPU
		{00885284-98BF-46D0-AE51-218E639EC5FD}.Debug|x86.ActiveCfg = Debug|Any CPU
		{00885284-98BF-46D0-AE51-218E639EC5FD}.Debug|x86.Build.0 = Debug|Any CPU
		{00885284-98BF-46D0-AE51-218E639EC5FD}.Release|Any CPU.ActiveCfg = Release|Any CPU
		{00885284-98BF-46D0-AE51-218E639EC5FD}.Release|Any CPU.Build.0 = Release|Any CPU
		{00885284-98BF-46D0-AE51-218E639EC5FD}.Release|x64.ActiveCfg = Release|Any CPU
		{00885284-98BF-46D0-AE51-218E639EC5FD}.Release|x64.Build.0 = Release|Any CPU
		{00885284-98BF-46D0-AE51-218E639EC5FD}.Release|x86.ActiveCfg = Release|Any CPU
		{00885284-98BF-46D0-AE51-218E639EC5FD}.Release|x86.Build.0 = Release|Any CPU
		{84759958-9430-4104-91A9-E39E6B4C5B38}.Debug|Any CPU.ActiveCfg = Debug|Any CPU
		{84759958-9430-4104-91A9-E39E6B4C5B38}.Debug|Any CPU.Build.0 = Debug|Any CPU
		{84759958-9430-4104-91A9-E39E6B4C5B38}.Debug|x64.ActiveCfg = Debug|Any CPU
		{84759958-9430-4104-91A9-E39E6B4C5B38}.Debug|x64.Build.0 = Debug|Any CPU
		{84759958-9430-4104-91A9-E39E6B4C5B38}.Debug|x86.ActiveCfg = Debug|Any CPU
		{84759958-9430-4104-91A9-E39E6B4C5B38}.Debug|x86.Build.0 = Debug|Any CPU
		{84759958-9430-4104-91A9-E39E6B4C5B38}.Release|Any CPU.ActiveCfg = Release|Any CPU
		{84759958-9430-4104-91A9-E39E6B4C5B38}.Release|Any CPU.Build.0 = Release|Any CPU
		{84759958-9430-4104-91A9-E39E6B4C5B38}.Release|x64.ActiveCfg = Release|Any CPU
		{84759958-9430-4104-91A9-E39E6B4C5B38}.Release|x64.Build.0 = Release|Any CPU
		{84759958-9430-4104-91A9-E39E6B4C5B38}.Release|x86.ActiveCfg = Release|Any CPU
		{84759958-9430-4104-91A9-E39E6B4C5B38}.Release|x86.Build.0 = Release|Any CPU
		{0F839FE1-2127-45C1-9736-7612C88F5647}.Debug|Any CPU.ActiveCfg = Debug|Any CPU
		{0F839FE1-2127-45C1-9736-7612C88F5647}.Debug|Any CPU.Build.0 = Debug|Any CPU
		{0F839FE1-2127-45C1-9736-7612C88F5647}.Debug|x64.ActiveCfg = Debug|Any CPU
		{0F839FE1-2127-45C1-9736-7612C88F5647}.Debug|x64.Build.0 = Debug|Any CPU
		{0F839FE1-2127-45C1-9736-7612C88F5647}.Debug|x86.ActiveCfg = Debug|Any CPU
		{0F839FE1-2127-45C1-9736-7612C88F5647}.Debug|x86.Build.0 = Debug|Any CPU
		{0F839FE1-2127-45C1-9736-7612C88F5647}.Release|Any CPU.ActiveCfg = Release|Any CPU
		{0F839FE1-2127-45C1-9736-7612C88F5647}.Release|Any CPU.Build.0 = Release|Any CPU
		{0F839FE1-2127-45C1-9736-7612C88F5647}.Release|x64.ActiveCfg = Release|Any CPU
		{0F839FE1-2127-45C1-9736-7612C88F5647}.Release|x64.Build.0 = Release|Any CPU
		{0F839FE1-2127-45C1-9736-7612C88F5647}.Release|x86.ActiveCfg = Release|Any CPU
		{0F839FE1-2127-45C1-9736-7612C88F5647}.Release|x86.Build.0 = Release|Any CPU
		{80CE7430-12E1-4CCE-AF97-86C4976F8262}.Debug|Any CPU.ActiveCfg = Debug|Any CPU
		{80CE7430-12E1-4CCE-AF97-86C4976F8262}.Debug|Any CPU.Build.0 = Debug|Any CPU
		{80CE7430-12E1-4CCE-AF97-86C4976F8262}.Debug|x64.ActiveCfg = Debug|Any CPU
		{80CE7430-12E1-4CCE-AF97-86C4976F8262}.Debug|x64.Build.0 = Debug|Any CPU
		{80CE7430-12E1-4CCE-AF97-86C4976F8262}.Debug|x86.ActiveCfg = Debug|Any CPU
		{80CE7430-12E1-4CCE-AF97-86C4976F8262}.Debug|x86.Build.0 = Debug|Any CPU
		{80CE7430-12E1-4CCE-AF97-86C4976F8262}.Release|Any CPU.ActiveCfg = Release|Any CPU
		{80CE7430-12E1-4CCE-AF97-86C4976F8262}.Release|Any CPU.Build.0 = Release|Any CPU
		{80CE7430-12E1-4CCE-AF97-86C4976F8262}.Release|x64.ActiveCfg = Release|Any CPU
		{80CE7430-12E1-4CCE-AF97-86C4976F8262}.Release|x64.Build.0 = Release|Any CPU
		{80CE7430-12E1-4CCE-AF97-86C4976F8262}.Release|x86.ActiveCfg = Release|Any CPU
		{80CE7430-12E1-4CCE-AF97-86C4976F8262}.Release|x86.Build.0 = Release|Any CPU
		{1C97A2B4-A9A2-4200-8E70-7B834F68DF57}.Debug|Any CPU.ActiveCfg = Debug|Any CPU
		{1C97A2B4-A9A2-4200-8E70-7B834F68DF57}.Debug|Any CPU.Build.0 = Debug|Any CPU
		{1C97A2B4-A9A2-4200-8E70-7B834F68DF57}.Debug|x64.ActiveCfg = Debug|Any CPU
		{1C97A2B4-A9A2-4200-8E70-7B834F68DF57}.Debug|x64.Build.0 = Debug|Any CPU
		{1C97A2B4-A9A2-4200-8E70-7B834F68DF57}.Debug|x86.ActiveCfg = Debug|Any CPU
		{1C97A2B4-A9A2-4200-8E70-7B834F68DF57}.Debug|x86.Build.0 = Debug|Any CPU
		{1C97A2B4-A9A2-4200-8E70-7B834F68DF57}.Release|Any CPU.ActiveCfg = Release|Any CPU
		{1C97A2B4-A9A2-4200-8E70-7B834F68DF57}.Release|Any CPU.Build.0 = Release|Any CPU
		{1C97A2B4-A9A2-4200-8E70-7B834F68DF57}.Release|x64.ActiveCfg = Release|Any CPU
		{1C97A2B4-A9A2-4200-8E70-7B834F68DF57}.Release|x64.Build.0 = Release|Any CPU
		{1C97A2B4-A9A2-4200-8E70-7B834F68DF57}.Release|x86.ActiveCfg = Release|Any CPU
		{1C97A2B4-A9A2-4200-8E70-7B834F68DF57}.Release|x86.Build.0 = Release|Any CPU
		{588411F1-4FB7-8C06-B63C-4A43A1BDA3ED}.Debug|Any CPU.ActiveCfg = Debug|Any CPU
		{588411F1-4FB7-8C06-B63C-4A43A1BDA3ED}.Debug|Any CPU.Build.0 = Debug|Any CPU
		{588411F1-4FB7-8C06-B63C-4A43A1BDA3ED}.Debug|x64.ActiveCfg = Debug|Any CPU
		{588411F1-4FB7-8C06-B63C-4A43A1BDA3ED}.Debug|x64.Build.0 = Debug|Any CPU
		{588411F1-4FB7-8C06-B63C-4A43A1BDA3ED}.Debug|x86.ActiveCfg = Debug|Any CPU
		{588411F1-4FB7-8C06-B63C-4A43A1BDA3ED}.Debug|x86.Build.0 = Debug|Any CPU
		{588411F1-4FB7-8C06-B63C-4A43A1BDA3ED}.Release|Any CPU.ActiveCfg = Release|Any CPU
		{588411F1-4FB7-8C06-B63C-4A43A1BDA3ED}.Release|Any CPU.Build.0 = Release|Any CPU
		{588411F1-4FB7-8C06-B63C-4A43A1BDA3ED}.Release|x64.ActiveCfg = Release|Any CPU
		{588411F1-4FB7-8C06-B63C-4A43A1BDA3ED}.Release|x64.Build.0 = Release|Any CPU
		{588411F1-4FB7-8C06-B63C-4A43A1BDA3ED}.Release|x86.ActiveCfg = Release|Any CPU
		{588411F1-4FB7-8C06-B63C-4A43A1BDA3ED}.Release|x86.Build.0 = Release|Any CPU
		{29CA4290-9169-4767-A5B6-0F78E22787B5}.Debug|Any CPU.ActiveCfg = Debug|Any CPU
		{29CA4290-9169-4767-A5B6-0F78E22787B5}.Debug|Any CPU.Build.0 = Debug|Any CPU
		{29CA4290-9169-4767-A5B6-0F78E22787B5}.Debug|x64.ActiveCfg = Debug|Any CPU
		{29CA4290-9169-4767-A5B6-0F78E22787B5}.Debug|x64.Build.0 = Debug|Any CPU
		{29CA4290-9169-4767-A5B6-0F78E22787B5}.Debug|x86.ActiveCfg = Debug|Any CPU
		{29CA4290-9169-4767-A5B6-0F78E22787B5}.Debug|x86.Build.0 = Debug|Any CPU
		{29CA4290-9169-4767-A5B6-0F78E22787B5}.Release|Any CPU.ActiveCfg = Release|Any CPU
		{29CA4290-9169-4767-A5B6-0F78E22787B5}.Release|Any CPU.Build.0 = Release|Any CPU
		{29CA4290-9169-4767-A5B6-0F78E22787B5}.Release|x64.ActiveCfg = Release|Any CPU
		{29CA4290-9169-4767-A5B6-0F78E22787B5}.Release|x64.Build.0 = Release|Any CPU
		{29CA4290-9169-4767-A5B6-0F78E22787B5}.Release|x86.ActiveCfg = Release|Any CPU
		{29CA4290-9169-4767-A5B6-0F78E22787B5}.Release|x86.Build.0 = Release|Any CPU
		{B8F72642-A324-4CC5-831D-AA14D5E64A3B}.Debug|Any CPU.ActiveCfg = Debug|Any CPU
		{B8F72642-A324-4CC5-831D-AA14D5E64A3B}.Debug|Any CPU.Build.0 = Debug|Any CPU
		{B8F72642-A324-4CC5-831D-AA14D5E64A3B}.Debug|x64.ActiveCfg = Debug|Any CPU
		{B8F72642-A324-4CC5-831D-AA14D5E64A3B}.Debug|x64.Build.0 = Debug|Any CPU
		{B8F72642-A324-4CC5-831D-AA14D5E64A3B}.Debug|x86.ActiveCfg = Debug|Any CPU
		{B8F72642-A324-4CC5-831D-AA14D5E64A3B}.Debug|x86.Build.0 = Debug|Any CPU
		{B8F72642-A324-4CC5-831D-AA14D5E64A3B}.Release|Any CPU.ActiveCfg = Release|Any CPU
		{B8F72642-A324-4CC5-831D-AA14D5E64A3B}.Release|Any CPU.Build.0 = Release|Any CPU
		{B8F72642-A324-4CC5-831D-AA14D5E64A3B}.Release|x64.ActiveCfg = Release|Any CPU
		{B8F72642-A324-4CC5-831D-AA14D5E64A3B}.Release|x64.Build.0 = Release|Any CPU
		{B8F72642-A324-4CC5-831D-AA14D5E64A3B}.Release|x86.ActiveCfg = Release|Any CPU
		{B8F72642-A324-4CC5-831D-AA14D5E64A3B}.Release|x86.Build.0 = Release|Any CPU
		{DCC990EF-3E0F-40CA-9826-EC2991E58B3C}.Debug|Any CPU.ActiveCfg = Debug|Any CPU
		{DCC990EF-3E0F-40CA-9826-EC2991E58B3C}.Debug|Any CPU.Build.0 = Debug|Any CPU
		{DCC990EF-3E0F-40CA-9826-EC2991E58B3C}.Debug|x64.ActiveCfg = Debug|Any CPU
		{DCC990EF-3E0F-40CA-9826-EC2991E58B3C}.Debug|x64.Build.0 = Debug|Any CPU
		{DCC990EF-3E0F-40CA-9826-EC2991E58B3C}.Debug|x86.ActiveCfg = Debug|Any CPU
		{DCC990EF-3E0F-40CA-9826-EC2991E58B3C}.Debug|x86.Build.0 = Debug|Any CPU
		{DCC990EF-3E0F-40CA-9826-EC2991E58B3C}.Release|Any CPU.ActiveCfg = Release|Any CPU
		{DCC990EF-3E0F-40CA-9826-EC2991E58B3C}.Release|Any CPU.Build.0 = Release|Any CPU
		{DCC990EF-3E0F-40CA-9826-EC2991E58B3C}.Release|x64.ActiveCfg = Release|Any CPU
		{DCC990EF-3E0F-40CA-9826-EC2991E58B3C}.Release|x64.Build.0 = Release|Any CPU
		{DCC990EF-3E0F-40CA-9826-EC2991E58B3C}.Release|x86.ActiveCfg = Release|Any CPU
		{DCC990EF-3E0F-40CA-9826-EC2991E58B3C}.Release|x86.Build.0 = Release|Any CPU
	EndGlobalSection
	GlobalSection(SolutionProperties) = preSolution
		HideSolutionNode = FALSE
	EndGlobalSection
	GlobalSection(NestedProjects) = preSolution
		{84759958-9430-4104-91A9-E39E6B4C5B38} = {BA754A88-90E6-4F0D-8B6B-17A7FB38B8BB}
		{0F839FE1-2127-45C1-9736-7612C88F5647} = {BA754A88-90E6-4F0D-8B6B-17A7FB38B8BB}
		{80CE7430-12E1-4CCE-AF97-86C4976F8262} = {BA754A88-90E6-4F0D-8B6B-17A7FB38B8BB}
		{1C97A2B4-A9A2-4200-8E70-7B834F68DF57} = {0A4BBF11-85FF-4296-926E-787C254B8C8C}
		{588411F1-4FB7-8C06-B63C-4A43A1BDA3ED} = {0A4BBF11-85FF-4296-926E-787C254B8C8C}
		{29CA4290-9169-4767-A5B6-0F78E22787B5} = {0A4BBF11-85FF-4296-926E-787C254B8C8C}
		{B8F72642-A324-4CC5-831D-AA14D5E64A3B} = {0A4BBF11-85FF-4296-926E-787C254B8C8C}
	EndGlobalSection
	GlobalSection(ExtensibilityGlobals) = postSolution
		SolutionGuid = {B235ABD1-29C7-41BA-8A95-4D6B7A0BD951}
	EndGlobalSection
EndGlobal
